
Microsoft Visual Studio Solution File, Format Version 12.00
# Visual Studio 15
VisualStudioVersion = 15.0.28307.136
MinimumVisualStudioVersion = 10.0.40219.1
Project("{FAE04EC0-301F-11D3-BF4B-00C04F79EFBC}") = "cicdec", "cicdec\cicdec.csproj", "{DA16B24D-57C6-48C3-ACE3-94AF36325CED}"
EndProject
Global
	GlobalSection(Performance) = preSolution
		HasPerformanceSessions = true
	EndGlobalSection
	GlobalSection(SolutionConfigurationPlatforms) = preSolution
		Debug|Any CPU = Debug|Any CPU
		Release|Any CPU = Release|Any CPU
	EndGlobalSection
	GlobalSection(ProjectConfigurationPlatforms) = postSolution
		{DA16B24D-57C6-48C3-ACE3-94AF36325CED}.Debug|Any CPU.ActiveCfg = Debug|Any CPU
		{DA16B24D-57C6-48C3-ACE3-94AF36325CED}.Debug|Any CPU.Build.0 = Debug|Any CPU
		{DA16B24D-57C6-48C3-ACE3-94AF36325CED}.Release|Any CPU.ActiveCfg = Release|Any CPU
		{DA16B24D-57C6-48C3-ACE3-94AF36325CED}.Release|Any CPU.Build.0 = Release|Any CPU
	EndGlobalSection
	GlobalSection(SolutionProperties) = preSolution
		HideSolutionNode = FALSE
	EndGlobalSection
	GlobalSection(ExtensibilityGlobals) = postSolution
		SolutionGuid = {931F3FF3-5B8B-4DB2-ADF5-E256FA0AF1F0}
	EndGlobalSection
EndGlobal
